
Microsoft Visual Studio Solution File, Format Version 12.00
# Visual Studio Version 17
VisualStudioVersion = 17.2.32505.173
MinimumVisualStudioVersion = 10.0.40219.1
Project("{9A19103F-16F7-4668-BE54-9A1E7A4F7556}") = "EBazar", "EBazar.csproj", "{4424CE20-1619-4A51-A1B2-7D76A2834C70}"
EndProject
Project("{9A19103F-16F7-4668-BE54-9A1E7A4F7556}") = "EBazarDAL", "..\EBazar DAL\EBazarDAL.csproj", "{1013428B-E68B-4F36-B2DC-528C2C3A168E}"
EndProject
Project("{9A19103F-16F7-4668-BE54-9A1E7A4F7556}") = "EBazarBAL", "..\EBazar BAL\EBazarBAL.csproj", "{2FDB8306-1453-45A8-8AD7-DE227C08D4DB}"
EndProject
Project("{FAE04EC0-301F-11D3-BF4B-00C04F79EFBC}") = "EBazarTests", "..\EBazarTests\EBazarTests.csproj", "{104494FB-795D-4BD9-B09D-439A9A3892E1}"
EndProject
Global
	GlobalSection(SolutionConfigurationPlatforms) = preSolution
		Debug|Any CPU = Debug|Any CPU
		Release|Any CPU = Release|Any CPU
	EndGlobalSection
	GlobalSection(ProjectConfigurationPlatforms) = postSolution
		{4424CE20-1619-4A51-A1B2-7D76A2834C70}.Debug|Any CPU.ActiveCfg = Debug|Any CPU
		{4424CE20-1619-4A51-A1B2-7D76A2834C70}.Debug|Any CPU.Build.0 = Debug|Any CPU
		{4424CE20-1619-4A51-A1B2-7D76A2834C70}.Release|Any CPU.ActiveCfg = Release|Any CPU
		{4424CE20-1619-4A51-A1B2-7D76A2834C70}.Release|Any CPU.Build.0 = Release|Any CPU
		{1013428B-E68B-4F36-B2DC-528C2C3A168E}.Debug|Any CPU.ActiveCfg = Debug|Any CPU
		{1013428B-E68B-4F36-B2DC-528C2C3A168E}.Debug|Any CPU.Build.0 = Debug|Any CPU
		{1013428B-E68B-4F36-B2DC-528C2C3A168E}.Release|Any CPU.ActiveCfg = Release|Any CPU
		{1013428B-E68B-4F36-B2DC-528C2C3A168E}.Release|Any CPU.Build.0 = Release|Any CPU
		{2FDB8306-1453-45A8-8AD7-DE227C08D4DB}.Debug|Any CPU.ActiveCfg = Debug|Any CPU
		{2FDB8306-1453-45A8-8AD7-DE227C08D4DB}.Debug|Any CPU.Build.0 = Debug|Any CPU
		{2FDB8306-1453-45A8-8AD7-DE227C08D4DB}.Release|Any CPU.ActiveCfg = Release|Any CPU
		{2FDB8306-1453-45A8-8AD7-DE227C08D4DB}.Release|Any CPU.Build.0 = Release|Any CPU
		{104494FB-795D-4BD9-B09D-439A9A3892E1}.Debug|Any CPU.ActiveCfg = Debug|Any CPU
		{104494FB-795D-4BD9-B09D-439A9A3892E1}.Debug|Any CPU.Build.0 = Debug|Any CPU
		{104494FB-795D-4BD9-B09D-439A9A3892E1}.Release|Any CPU.ActiveCfg = Release|Any CPU
		{104494FB-795D-4BD9-B09D-439A9A3892E1}.Release|Any CPU.Build.0 = Release|Any CPU
	EndGlobalSection
	GlobalSection(SolutionProperties) = preSolution
		HideSolutionNode = FALSE
	EndGlobalSection
	GlobalSection(ExtensibilityGlobals) = postSolution
		SolutionGuid = {391F43AB-3B6B-4E59-B17D-03A901BFB62D}
	EndGlobalSection
EndGlobal
